
Microsoft Visual Studio Solution File, Format Version 12.00
# Visual Studio 15
VisualStudioVersion = 15.0.28010.2019
MinimumVisualStudioVersion = 10.0.40219.1
Project("{8BC9CEB8-8B4A-11D0-8D11-00A0C91BC942}") = "berriv-4a", "berriv-4a\berriv-4a.vcxproj", "{3ED22896-49AC-483B-9950-473B650A9533}"
EndProject
Global
	GlobalSection(SolutionConfigurationPlatforms) = preSolution
		Debug|x64 = Debug|x64
		Debug|x86 = Debug|x86
		Release|x64 = Release|x64
		Release|x86 = Release|x86
	EndGlobalSection
	GlobalSection(ProjectConfigurationPlatforms) = postSolution
		{3ED22896-49AC-483B-9950-473B650A9533}.Debug|x64.ActiveCfg = Debug|x64
		{3ED22896-49AC-483B-9950-473B650A9533}.Debug|x64.Build.0 = Debug|x64
		{3ED22896-49AC-483B-9950-473B650A9533}.Debug|x86.ActiveCfg = Debug|Win32
		{3ED22896-49AC-483B-9950-473B650A9533}.Debug|x86.Build.0 = Debug|Win32
		{3ED22896-49AC-483B-9950-473B650A9533}.Release|x64.ActiveCfg = Release|x64
		{3ED22896-49AC-483B-9950-473B650A9533}.Release|x64.Build.0 = Release|x64
		{3ED22896-49AC-483B-9950-473B650A9533}.Release|x86.ActiveCfg = Release|Win32
		{3ED22896-49AC-483B-9950-473B650A9533}.Release|x86.Build.0 = Release|Win32
	EndGlobalSection
	GlobalSection(SolutionProperties) = preSolution
		HideSolutionNode = FALSE
	EndGlobalSection
	GlobalSection(ExtensibilityGlobals) = postSolution
		SolutionGuid = {B542ACCB-225B-4840-932D-31658745C8E2}
	EndGlobalSection
EndGlobal
